
Microsoft Visual Studio Solution File, Format Version 12.00
# Visual Studio Version 17
VisualStudioVersion = 17.13.36105.23 d17.13
MinimumVisualStudioVersion = 10.0.40219.1
Project("{FAE04EC0-301F-11D3-BF4B-00C04F79EFBC}") = "HRMSTeam3", "HRMSTeam3\HRMSTeam3.csproj", "{8965DE18-D84F-4CB7-837C-8BEFF017E45E}"
EndProject
Global
	GlobalSection(SolutionConfigurationPlatforms) = preSolution
		Debug|Any CPU = Debug|Any CPU
		Release|Any CPU = Release|Any CPU
	EndGlobalSection
	GlobalSection(ProjectConfigurationPlatforms) = postSolution
		{8965DE18-D84F-4CB7-837C-8BEFF017E45E}.Debug|Any CPU.ActiveCfg = Debug|Any CPU
		{8965DE18-D84F-4CB7-837C-8BEFF017E45E}.Debug|Any CPU.Build.0 = Debug|Any CPU
		{8965DE18-D84F-4CB7-837C-8BEFF017E45E}.Release|Any CPU.ActiveCfg = Release|Any CPU
		{8965DE18-D84F-4CB7-837C-8BEFF017E45E}.Release|Any CPU.Build.0 = Release|Any CPU
	EndGlobalSection
	GlobalSection(SolutionProperties) = preSolution
		HideSolutionNode = FALSE
	EndGlobalSection
	GlobalSection(ExtensibilityGlobals) = postSolution
		SolutionGuid = {6AE6A4CE-2EBC-41DB-B486-68C644CD6429}
	EndGlobalSection
EndGlobal
